
Microsoft Visual Studio Solution File, Format Version 12.00
# Visual Studio Version 17
VisualStudioVersion = 17.7.34031.279
MinimumVisualStudioVersion = 10.0.40219.1
Project("{FAE04EC0-301F-11D3-BF4B-00C04F79EFBC}") = "SerialPort", "SerialPort\SerialPort.csproj", "{8516F6C0-3DAC-475A-90C1-8C52A3911770}"
EndProject
Project("{FAE04EC0-301F-11D3-BF4B-00C04F79EFBC}") = "ClassLibrary", "ClassLibrary\ClassLibrary.csproj", "{CB3F6C48-1D3F-46E9-B2AC-0C947F1EC73D}"
EndProject
Global
	GlobalSection(SolutionConfigurationPlatforms) = preSolution
		Debug|Any CPU = Debug|Any CPU
		Release|Any CPU = Release|Any CPU
	EndGlobalSection
	GlobalSection(ProjectConfigurationPlatforms) = postSolution
		{8516F6C0-3DAC-475A-90C1-8C52A3911770}.Debug|Any CPU.ActiveCfg = Debug|Any CPU
		{8516F6C0-3DAC-475A-90C1-8C52A3911770}.Debug|Any CPU.Build.0 = Debug|Any CPU
		{8516F6C0-3DAC-475A-90C1-8C52A3911770}.Release|Any CPU.ActiveCfg = Release|Any CPU
		{8516F6C0-3DAC-475A-90C1-8C52A3911770}.Release|Any CPU.Build.0 = Release|Any CPU
		{CB3F6C48-1D3F-46E9-B2AC-0C947F1EC73D}.Debug|Any CPU.ActiveCfg = Debug|Any CPU
		{CB3F6C48-1D3F-46E9-B2AC-0C947F1EC73D}.Debug|Any CPU.Build.0 = Debug|Any CPU
		{CB3F6C48-1D3F-46E9-B2AC-0C947F1EC73D}.Release|Any CPU.ActiveCfg = Release|Any CPU
		{CB3F6C48-1D3F-46E9-B2AC-0C947F1EC73D}.Release|Any CPU.Build.0 = Release|Any CPU
	EndGlobalSection
	GlobalSection(SolutionProperties) = preSolution
		HideSolutionNode = FALSE
	EndGlobalSection
	GlobalSection(ExtensibilityGlobals) = postSolution
		SolutionGuid = {D0652C74-BFFB-4275-9638-1B6F21B91713}
	EndGlobalSection
EndGlobal
